
Microsoft Visual Studio Solution File, Format Version 12.00
# Visual Studio 14
VisualStudioVersion = 14.0.25123.0
MinimumVisualStudioVersion = 10.0.40219.1
Project("{FAE04EC0-301F-11D3-BF4B-00C04F79EFBC}") = "Shipwreck.ImasCGImages.Models", "Shipwreck.ImasCGImages.Models\Shipwreck.ImasCGImages.Models.csproj", "{8564AC13-731A-42EF-A349-5F762F45DCB5}"
EndProject
Project("{FAE04EC0-301F-11D3-BF4B-00C04F79EFBC}") = "Shipwreck.ImasCGImages.Crawler", "Shipwreck.ImasCGImages.Crawler\Shipwreck.ImasCGImages.Crawler.csproj", "{2E7F4F3E-82E4-4235-9D04-B4BA2FC0F158}"
EndProject
Project("{FAE04EC0-301F-11D3-BF4B-00C04F79EFBC}") = "Shipwreck.ImasCGImages.WebApi", "Shipwreck.ImasCGImages.WebApi\Shipwreck.ImasCGImages.WebApi.csproj", "{2C8FF8E3-60F8-4753-AB18-E490AA046407}"
EndProject
Project("{2150E333-8FDC-42A3-9474-1A3956D46DE8}") = "nuget", "nuget", "{A19A049C-95E6-4A87-A6D8-86D6B04CCF85}"
	ProjectSection(SolutionItems) = preProject
		..\tool\nuget\clean_nupkg.bat = ..\tool\nuget\clean_nupkg.bat
		..\tool\nuget\nuget.exe = ..\tool\nuget\nuget.exe
		..\tool\nuget\NuGetPublish.bat = ..\tool\nuget\NuGetPublish.bat
	EndProjectSection
EndProject
Global
	GlobalSection(SolutionConfigurationPlatforms) = preSolution
		Debug|Any CPU = Debug|Any CPU
		Release|Any CPU = Release|Any CPU
	EndGlobalSection
	GlobalSection(ProjectConfigurationPlatforms) = postSolution
		{8564AC13-731A-42EF-A349-5F762F45DCB5}.Debug|Any CPU.ActiveCfg = Debug|Any CPU
		{8564AC13-731A-42EF-A349-5F762F45DCB5}.Debug|Any CPU.Build.0 = Debug|Any CPU
		{8564AC13-731A-42EF-A349-5F762F45DCB5}.Release|Any CPU.ActiveCfg = Release|Any CPU
		{8564AC13-731A-42EF-A349-5F762F45DCB5}.Release|Any CPU.Build.0 = Release|Any CPU
		{2E7F4F3E-82E4-4235-9D04-B4BA2FC0F158}.Debug|Any CPU.ActiveCfg = Debug|Any CPU
		{2E7F4F3E-82E4-4235-9D04-B4BA2FC0F158}.Debug|Any CPU.Build.0 = Debug|Any CPU
		{2E7F4F3E-82E4-4235-9D04-B4BA2FC0F158}.Release|Any CPU.ActiveCfg = Release|Any CPU
		{2E7F4F3E-82E4-4235-9D04-B4BA2FC0F158}.Release|Any CPU.Build.0 = Release|Any CPU
		{2C8FF8E3-60F8-4753-AB18-E490AA046407}.Debug|Any CPU.ActiveCfg = Debug|Any CPU
		{2C8FF8E3-60F8-4753-AB18-E490AA046407}.Debug|Any CPU.Build.0 = Debug|Any CPU
		{2C8FF8E3-60F8-4753-AB18-E490AA046407}.Release|Any CPU.ActiveCfg = Release|Any CPU
		{2C8FF8E3-60F8-4753-AB18-E490AA046407}.Release|Any CPU.Build.0 = Release|Any CPU
	EndGlobalSection
	GlobalSection(SolutionProperties) = preSolution
		HideSolutionNode = FALSE
	EndGlobalSection
EndGlobal
